
Microsoft Visual Studio Solution File, Format Version 12.00
# Visual Studio Version 16
VisualStudioVersion = 16.0.29728.190
MinimumVisualStudioVersion = 10.0.40219.1
Project("{FAE04EC0-301F-11D3-BF4B-00C04F79EFBC}") = "DirectorySynch", "DirectorySynch\DirectorySynch.csproj", "{2DFD49F3-E703-4AF2-90D2-C9743D49FAB0}"
EndProject
Global
	GlobalSection(SolutionConfigurationPlatforms) = preSolution
		Debug|Any CPU = Debug|Any CPU
		Release|Any CPU = Release|Any CPU
	EndGlobalSection
	GlobalSection(ProjectConfigurationPlatforms) = postSolution
		{2DFD49F3-E703-4AF2-90D2-C9743D49FAB0}.Debug|Any CPU.ActiveCfg = Debug|Any CPU
		{2DFD49F3-E703-4AF2-90D2-C9743D49FAB0}.Debug|Any CPU.Build.0 = Debug|Any CPU
		{2DFD49F3-E703-4AF2-90D2-C9743D49FAB0}.Release|Any CPU.ActiveCfg = Release|Any CPU
		{2DFD49F3-E703-4AF2-90D2-C9743D49FAB0}.Release|Any CPU.Build.0 = Release|Any CPU
	EndGlobalSection
	GlobalSection(SolutionProperties) = preSolution
		HideSolutionNode = FALSE
	EndGlobalSection
	GlobalSection(ExtensibilityGlobals) = postSolution
		SolutionGuid = {87D07D5B-06C5-4F2D-B683-AF782A1EC053}
	EndGlobalSection
EndGlobal
